{
  "version": 4,
  "terraform_version": "1.6.6",
  "serial": 9,
  "lineage": "eac5e8a3-1a04-85a3-345c-cfb9fb57e287",
  "outputs": {},
  "resources": [
    {
      "mode": "managed",
      "type": "aws_eks_cluster",
      "name": "tour-app",
      "provider": "provider[\"registry.terraform.io/hashicorp/aws\"]",
      "instances": [
        {
          "schema_version": 0,
          "attributes": {
            "arn": "arn:aws:eks:us-east-1:557571305961:cluster/tour-app",
            "certificate_authority": [
              {
                "data": "LS0tLS1CRUdJTiBDRVJUSUZJQ0FURS0tLS0tCk1JSURCVENDQWUyZ0F3SUJBZ0lJRmR4V0RIaDhadVV3RFFZSktvWklodmNOQVFFTEJRQXdGVEVUTUJFR0ExVUUKQXhNS2EzVmlaWEp1WlhSbGN6QWVGdzB5TkRBeE1ERXhOakV5TlROYUZ3MHpNekV5TWpreE5qRTNOVE5hTUJVeApFekFSQmdOVkJBTVRDbXQxWW1WeWJtVjBaWE13Z2dFaU1BMEdDU3FHU0liM0RRRUJBUVVBQTRJQkR3QXdnZ0VLCkFvSUJBUURUMXlNeGp5NzBWMkZOQitMdld0TGNpUVdlN1lzSTdvZGNYY3NDWlZNN3h0aTA3Ukw3cXNmeWZJMG8KM3cyZXJoNVcxNzdBa0JMOVlYN3lTM0xHYkk2Q2NUWEdDVkcyT3JJdUROZm0rajJnVWh3T1NuOUNyUFJNanZVLwo3aVVJUkhNT3F2N2hqYnhWQXVzZDh2VThLeUhDaUFpZGpMeHV2Zlp1QkZRYWpEZ2I0U0xnSWtBaytiTnZkendwCkpOa0dYMCszQy8ySVRERHNPem4rZ3hDYTErY1N4UlNaWVhxcmxma3I4Y3Y0Nk05V2ZCVHJyWWZwY0VQRHY5Y0kKZFcwRnc5cWZ0bm1pREtjOXFTVjlrUXdpZFRrSWgzQlBIYmR5enRSNHpIQXN3RlQ0WlBPUkU2Sk12dHZVS2FaVwpXRkxzRlJ2Qy9SZTlSUFN3RWY0cGlMU3ZsbmNKQWdNQkFBR2pXVEJYTUE0R0ExVWREd0VCL3dRRUF3SUNwREFQCkJnTlZIUk1CQWY4RUJUQURBUUgvTUIwR0ExVWREZ1FXQkJUaFYrcTdCN2tJTHYyc255SmdOcUVsYlZaSVJEQVYKQmdOVkhSRUVEakFNZ2dwcmRXSmxjbTVsZEdWek1BMEdDU3FHU0liM0RRRUJDd1VBQTRJQkFRQ3c3VXgrcHRKLwo2azdnQ1VZZlZ0SXo0Z3krelUzQWZQYlp5eTFKc21kQTBRZ3duaUorZTJ2LzhsNFh0anVkbENsTEVzUUlIZTRkCjlCYTlFRjAvMFRQaUFtKzRnWDJMclF0OHJuaWYrU2xsZ0twQ0JjQjQ3SGkwN0orSFVIWm50TkZaMi9QOFVMelMKcFRWYzY1T0JOQVJSbUQvb0tFNVdNeVdIUzF5WktESXp0ZWl6b2E2cHRzM2hIbXN1RlBrSG5CRkpuTHlIcExFNgp1RUNqbjZGSjEyVDlDWDRRd3hiTUUxUUFiRlRtYVNsQjVTV05JYkhZSnBFbm5VWENTeG9ZazlrRCtFSzJ2NTcxCkI0c0lPb3pZMGpBejJmSVdmOThJSUR4TlJWMW1uNHdIZ1hYUi9pYlZOTWxQelJZN1RIbHBaRitwbWNwZ2FPUmEKT2wrZ0lDb0pHZjNkCi0tLS0tRU5EIENFUlRJRklDQVRFLS0tLS0K"
              }
            ],
            "cluster_id": null,
            "created_at": "2024-01-01 16:13:05.673 +0000 UTC",
            "enabled_cluster_log_types": null,
            "encryption_config": [],
            "endpoint": "https://F3AE69025F2B52B2E0AC5C1E8BEB8F72.gr7.us-east-1.eks.amazonaws.com",
            "id": "tour-app",
            "identity": [
              {
                "oidc": [
                  {
                    "issuer": "https://oidc.eks.us-east-1.amazonaws.com/id/F3AE69025F2B52B2E0AC5C1E8BEB8F72"
                  }
                ]
              }
            ],
            "kubernetes_network_config": [
              {
                "ip_family": "ipv4",
                "service_ipv4_cidr": "172.20.0.0/16",
                "service_ipv6_cidr": ""
              }
            ],
            "name": "tour-app",
            "outpost_config": [],
            "platform_version": "eks.6",
            "role_arn": "arn:aws:iam::557571305961:role/eksClusterRole-tourapp",
            "status": "ACTIVE",
            "tags": null,
            "tags_all": {},
            "timeouts": null,
            "version": "1.28",
            "vpc_config": [
              {
                "cluster_security_group_id": "sg-0fa6d89a9628c90ac",
                "endpoint_private_access": false,
                "endpoint_public_access": true,
                "public_access_cidrs": [
                  "0.0.0.0/0"
                ],
                "security_group_ids": null,
                "subnet_ids": [
                  "subnet-05ca44cb3825cb887",
                  "subnet-0e97c5d0bb2ffa1ef"
                ],
                "vpc_id": "vpc-07eb359f10fbbfc50"
              }
            ]
          },
          "sensitive_attributes": [],
          "private": "eyJlMmJmYjczMC1lY2FhLTExZTYtOGY4OC0zNDM2M2JjN2M0YzAiOnsiY3JlYXRlIjoxODAwMDAwMDAwMDAwLCJkZWxldGUiOjkwMDAwMDAwMDAwMCwidXBkYXRlIjozNjAwMDAwMDAwMDAwfX0="
        }
      ]
    },
    {
      "mode": "managed",
      "type": "aws_eks_node_group",
      "name": "tour-app-nodegrp",
      "provider": "provider[\"registry.terraform.io/hashicorp/aws\"]",
      "instances": [
        {
          "schema_version": 0,
          "attributes": {
            "ami_type": "AL2_x86_64",
            "arn": "arn:aws:eks:us-east-1:557571305961:nodegroup/tour-app/tour-app-nodegrp/e0c662ea-1123-738f-53b8-32084ad8cb64",
            "capacity_type": "ON_DEMAND",
            "cluster_name": "tour-app",
            "disk_size": 20,
            "force_update_version": null,
            "id": "tour-app:tour-app-nodegrp",
            "instance_types": [
              "t3.medium"
            ],
            "labels": null,
            "launch_template": [],
            "node_group_name": "tour-app-nodegrp",
            "node_group_name_prefix": "",
            "node_role_arn": "arn:aws:iam::557571305961:role/tour-app-eks-nodegrp-role",
            "release_version": "1.28.3-20231201",
            "remote_access": [],
            "resources": [
              {
                "autoscaling_groups": [
                  {
                    "name": "eks-tour-app-nodegrp-e0c662ea-1123-738f-53b8-32084ad8cb64"
                  }
                ],
                "remote_access_security_group_id": ""
              }
            ],
            "scaling_config": [
              {
                "desired_size": 1,
                "max_size": 2,
                "min_size": 1
              }
            ],
            "status": "ACTIVE",
            "subnet_ids": [
              "subnet-07e4320f813a8fc9b"
            ],
            "tags": null,
            "tags_all": {},
            "taint": [],
            "timeouts": null,
            "update_config": [
              {
                "max_unavailable": 1,
                "max_unavailable_percentage": 0
              }
            ],
            "version": "1.28"
          },
          "sensitive_attributes": [],
          "private": "eyJlMmJmYjczMC1lY2FhLTExZTYtOGY4OC0zNDM2M2JjN2M0YzAiOnsiY3JlYXRlIjozNjAwMDAwMDAwMDAwLCJkZWxldGUiOjM2MDAwMDAwMDAwMDAsInVwZGF0ZSI6MzYwMDAwMDAwMDAwMH19",
          "dependencies": [
            "aws_eks_cluster.tour-app"
          ]
        }
      ]
    }
  ],
  "check_results": null
}
