{
  "version": 4,
  "terraform_version": "1.6.6",
  "serial": 83,
  "lineage": "eac5e8a3-1a04-85a3-345c-cfb9fb57e287",
  "outputs": {},
  "resources": [
    {
      "mode": "managed",
      "type": "aws_eks_cluster",
      "name": "tour-app",
      "provider": "provider[\"registry.terraform.io/hashicorp/aws\"]",
      "instances": [
        {
          "schema_version": 0,
          "attributes": {
            "arn": "arn:aws:eks:us-east-1:557571305961:cluster/tour-app",
            "certificate_authority": [
              {
                "data": "LS0tLS1CRUdJTiBDRVJUSUZJQ0FURS0tLS0tCk1JSURCVENDQWUyZ0F3SUJBZ0lJVXdZYVZzV0R3VDB3RFFZSktvWklodmNOQVFFTEJRQXdGVEVUTUJFR0ExVUUKQXhNS2EzVmlaWEp1WlhSbGN6QWVGdzB5TkRBeU1qQXdOVEkzTkRWYUZ3MHpOREF5TVRjd05UTXlORFZhTUJVeApFekFSQmdOVkJBTVRDbXQxWW1WeWJtVjBaWE13Z2dFaU1BMEdDU3FHU0liM0RRRUJBUVVBQTRJQkR3QXdnZ0VLCkFvSUJBUURJTS9xQlkzaU1LaFRheEJjeVM5Tmd4WUdwczlSQzV0Vm1tZFd6ZU9Ea1MwNXh4allSajJPQ2lhb1IKdnJMdEYrdythaVhCcmZOU0h4NG9SZGtsWkNBRGhtdW9oRmovNnhUS0srRmZRb2xFSkh4QmlOQjBRakZ1Sk5xcApiSFFQeW84MWQ5YmhjS3pneDM5UWhobzJjOXlHNk1UZEo1bGNNNUlHQkNxOXF2YkRKU2xURXFPTHF4VVJpdDl0CjBmSXBscm0xRDdLeTR5Nkl2d0NkU2swWmhwRm0rd2NFZnNFUllQZ2xHSlRDSEVGb210cW1NVTF6cTA2alpRUngKeXZHMHQvVHBtTkRpQmJNMks3elY4c0ovMnRTTjJBSm9LQzE2QkxRODcvWDlyRHltcGZoODFTQ2M4Zml0S2ZHdApoY0l5OUkvUmxsQkltRTNVcnlSTU9pK0VrbndEQWdNQkFBR2pXVEJYTUE0R0ExVWREd0VCL3dRRUF3SUNwREFQCkJnTlZIUk1CQWY4RUJUQURBUUgvTUIwR0ExVWREZ1FXQkJUWVl1M2pOdmpqQnVXbjBMcVA4YlM5elZ5aVRUQVYKQmdOVkhSRUVEakFNZ2dwcmRXSmxjbTVsZEdWek1BMEdDU3FHU0liM0RRRUJDd1VBQTRJQkFRQmR1NE1jT0UwTwpMZDIzdWtwV3lWYnBDMVYzVnVNaU53T1dsZWZYaE9YZmFQY25qNVIwVXgzbWVnU1Urd0xkakNuV3l2UjMwaTI2CkJkRlA4VHljbzRETnYvSC9KWWlkREtocEcrZy81dGVhU2tKTkNyN0tBemJobngwc1J0SEhEZFZ3ME83V0EyOVgKN21tTVpIZE5PSEhiUk03SVhORWlQS21xQSt3THluL3l2Uk5SZzBnREZlVTFQVUYrcjhFZ1lyRjBPN1A5NU5XYwpCSGgxRldEMllLMk0yVGdjZzdpUlUzNWZXTkdyUzFyME8reDYrSXhJNnUydXdFZVJ1UXU0THdneVpMc2tBeC9XCmJScEpYMjYxWkU1eFFhTDJLdFBFa2tBV0EyVXI0Uk9JTEdtTXRLVmNqaVUzWnNNY29wSkJXWWU4NFczWjdBanYKQTg2bGs5ZStBanZQCi0tLS0tRU5EIENFUlRJRklDQVRFLS0tLS0K"
              }
            ],
            "cluster_id": null,
            "created_at": "2024-02-20 05:27:22.301 +0000 UTC",
            "enabled_cluster_log_types": null,
            "encryption_config": [],
            "endpoint": "https://5B4356EDCA6DA25FCFD12F1B6641B47C.gr7.us-east-1.eks.amazonaws.com",
            "id": "tour-app",
            "identity": [
              {
                "oidc": [
                  {
                    "issuer": "https://oidc.eks.us-east-1.amazonaws.com/id/5B4356EDCA6DA25FCFD12F1B6641B47C"
                  }
                ]
              }
            ],
            "kubernetes_network_config": [
              {
                "ip_family": "ipv4",
                "service_ipv4_cidr": "172.20.0.0/16",
                "service_ipv6_cidr": ""
              }
            ],
            "name": "tour-app",
            "outpost_config": [],
            "platform_version": "eks.1",
            "role_arn": "arn:aws:iam::557571305961:role/eksClusterRole-tourapp",
            "status": "ACTIVE",
            "tags": null,
            "tags_all": {},
            "timeouts": null,
            "version": "1.29",
            "vpc_config": [
              {
                "cluster_security_group_id": "sg-0b68e8f88fb70a159",
                "endpoint_private_access": false,
                "endpoint_public_access": true,
                "public_access_cidrs": [
                  "0.0.0.0/0"
                ],
                "security_group_ids": null,
                "subnet_ids": [
                  "subnet-05ca44cb3825cb887",
                  "subnet-0e97c5d0bb2ffa1ef"
                ],
                "vpc_id": "vpc-07eb359f10fbbfc50"
              }
            ]
          },
          "sensitive_attributes": [],
          "private": "eyJlMmJmYjczMC1lY2FhLTExZTYtOGY4OC0zNDM2M2JjN2M0YzAiOnsiY3JlYXRlIjoxODAwMDAwMDAwMDAwLCJkZWxldGUiOjkwMDAwMDAwMDAwMCwidXBkYXRlIjozNjAwMDAwMDAwMDAwfX0="
        }
      ]
    },
    {
      "mode": "managed",
      "type": "aws_eks_node_group",
      "name": "tour-app-nodegrp",
      "provider": "provider[\"registry.terraform.io/hashicorp/aws\"]",
      "instances": [
        {
          "schema_version": 0,
          "attributes": {
            "ami_type": "AL2_x86_64",
            "arn": "arn:aws:eks:us-east-1:557571305961:nodegroup/tour-app/tour-app-nodegrp/aec6e281-d724-4191-7f8c-cf1de2e4826d",
            "capacity_type": "ON_DEMAND",
            "cluster_name": "tour-app",
            "disk_size": 20,
            "force_update_version": null,
            "id": "tour-app:tour-app-nodegrp",
            "instance_types": [
              "t3.medium"
            ],
            "labels": null,
            "launch_template": [],
            "node_group_name": "tour-app-nodegrp",
            "node_group_name_prefix": "",
            "node_role_arn": "arn:aws:iam::557571305961:role/tour-app-eks-nodegrp-role",
            "release_version": "1.29.0-20240213",
            "remote_access": [],
            "resources": [
              {
                "autoscaling_groups": [
                  {
                    "name": "eks-tour-app-nodegrp-aec6e281-d724-4191-7f8c-cf1de2e4826d"
                  }
                ],
                "remote_access_security_group_id": ""
              }
            ],
            "scaling_config": [
              {
                "desired_size": 2,
                "max_size": 2,
                "min_size": 1
              }
            ],
            "status": "ACTIVE",
            "subnet_ids": [
              "subnet-07e4320f813a8fc9b"
            ],
            "tags": null,
            "tags_all": {},
            "taint": [],
            "timeouts": null,
            "update_config": [
              {
                "max_unavailable": 1,
                "max_unavailable_percentage": 0
              }
            ],
            "version": "1.29"
          },
          "sensitive_attributes": [],
          "private": "eyJlMmJmYjczMC1lY2FhLTExZTYtOGY4OC0zNDM2M2JjN2M0YzAiOnsiY3JlYXRlIjozNjAwMDAwMDAwMDAwLCJkZWxldGUiOjM2MDAwMDAwMDAwMDAsInVwZGF0ZSI6MzYwMDAwMDAwMDAwMH19",
          "dependencies": [
            "aws_eks_cluster.tour-app"
          ]
        }
      ]
    }
  ],
  "check_results": null
}
