{
  "version": 4,
  "terraform_version": "1.6.6",
  "serial": 3,
  "lineage": "eac5e8a3-1a04-85a3-345c-cfb9fb57e287",
  "outputs": {},
  "resources": [
    {
      "mode": "managed",
      "type": "aws_eks_cluster",
      "name": "tour-app",
      "provider": "provider[\"registry.terraform.io/hashicorp/aws\"]",
      "instances": [
        {
          "schema_version": 0,
          "attributes": {
            "arn": "arn:aws:eks:us-east-1:557571305961:cluster/tour-app",
            "certificate_authority": [
              {
                "data": "LS0tLS1CRUdJTiBDRVJUSUZJQ0FURS0tLS0tCk1JSURCVENDQWUyZ0F3SUJBZ0lJWENhYnFlbkg2emt3RFFZSktvWklodmNOQVFFTEJRQXdGVEVUTUJFR0ExVUUKQXhNS2EzVmlaWEp1WlhSbGN6QWVGdzB5TXpFeU16RXdOVEk0TXpWYUZ3MHpNekV5TWpnd05UTXpNelZhTUJVeApFekFSQmdOVkJBTVRDbXQxWW1WeWJtVjBaWE13Z2dFaU1BMEdDU3FHU0liM0RRRUJBUVVBQTRJQkR3QXdnZ0VLCkFvSUJBUURPQzZQbnQ3b0orVVJZMEVFTFg3UVFuQkQ4blppMnJJdGlQUFVOOHl3QnptaFo5aWU1ejMvWXlwdWMKM0tuVC9VR1pyRjFQVlkvRGREdEIxZzhTRlo3YmNTcUJlWllkQnBKeGFjZkhPSDcwTHVCN1pKS3pXczhGOWVOagpzUG5OYStqYlRreSs5UTA3T2NPTUsxYXRDTTRFNWFod2JKQzZWcjVnRXlJSitSbW8yTTlMUDE4am93dG5aR3NzCnByVm1yNXdYckdad1c0WGJwanhseU1rUXRBVEQ3U2xHWmY0MVdYZGRDckJLU3gxQXBqT0thMGhPUm9ra0M3emoKVVloNy9jN2ZoUjVlY2twZ3JPQmhnWVNmMzR6K09CK1FJTUIrdTd2WFlBeVZzSU5vWHRyRktaT3NTQk44czgrcAphZ3NwdEVZMEJFU3FuQ201WElwTCt2R1REM0g3QWdNQkFBR2pXVEJYTUE0R0ExVWREd0VCL3dRRUF3SUNwREFQCkJnTlZIUk1CQWY4RUJUQURBUUgvTUIwR0ExVWREZ1FXQkJUR2RsY2hMSlBpZkIyaU4rbTFLNkw3d3gxaUVEQVYKQmdOVkhSRUVEakFNZ2dwcmRXSmxjbTVsZEdWek1BMEdDU3FHU0liM0RRRUJDd1VBQTRJQkFRQ0Q2eVBXZDNsRQo5VHU5SDBvT1BOQXM5YWZWU0JhcUNBS1hUbFhJRTVOWG5TS3BnZ0xRZ29kTzVUWUo3V2k2Y0QzdFlra2VqZzhpClg2cHgvM1JiTTFqa3NvT3NLM3Y3NE9JSm9iSlBlUGc1UnMwanJDaWNHRVB6T0NaMDdFV0c1b21PWW80S2owalMKN2k0WlprQnBKYkZHcEhyYTJhcG92a3N2NmdOQWtHdXY4ZlpNeFA3ZHkyRHQzV1U1NS9PbnB4bWFvOGhqbmJiZgoyZjA3ZElGLzNjbjJRVzMrUUp3bExJT1VwbEFlT29qVEVjSlF2d2VnbHFpWjExeVVOa3RCSlU4K2ZsODJhK2RYCmNRbzlldTkxampjbTBKMmVSWm40dk8yMHZzbmNBMWMrcFdlNnMySkhYTUdRRmJkakc4dFNYZlNyU291Q3JaVG8KQi85ZnU5N1c0NlJiCi0tLS0tRU5EIENFUlRJRklDQVRFLS0tLS0K"
              }
            ],
            "cluster_id": null,
            "created_at": "2023-12-31 05:29:01.62 +0000 UTC",
            "enabled_cluster_log_types": null,
            "encryption_config": [],
            "endpoint": "https://7632A88C7B773CC8AB11B895EC818359.gr7.us-east-1.eks.amazonaws.com",
            "id": "tour-app",
            "identity": [
              {
                "oidc": [
                  {
                    "issuer": "https://oidc.eks.us-east-1.amazonaws.com/id/7632A88C7B773CC8AB11B895EC818359"
                  }
                ]
              }
            ],
            "kubernetes_network_config": [
              {
                "ip_family": "ipv4",
                "service_ipv4_cidr": "172.20.0.0/16",
                "service_ipv6_cidr": ""
              }
            ],
            "name": "tour-app",
            "outpost_config": [],
            "platform_version": "eks.6",
            "role_arn": "arn:aws:iam::557571305961:role/eksClusterRole-tourapp",
            "status": "ACTIVE",
            "tags": null,
            "tags_all": {},
            "timeouts": null,
            "version": "1.28",
            "vpc_config": [
              {
                "cluster_security_group_id": "sg-070e246c3101b9b13",
                "endpoint_private_access": false,
                "endpoint_public_access": true,
                "public_access_cidrs": [
                  "0.0.0.0/0"
                ],
                "security_group_ids": null,
                "subnet_ids": [
                  "subnet-05ca44cb3825cb887",
                  "subnet-0e97c5d0bb2ffa1ef"
                ],
                "vpc_id": "vpc-07eb359f10fbbfc50"
              }
            ]
          },
          "sensitive_attributes": [],
          "private": "eyJlMmJmYjczMC1lY2FhLTExZTYtOGY4OC0zNDM2M2JjN2M0YzAiOnsiY3JlYXRlIjoxODAwMDAwMDAwMDAwLCJkZWxldGUiOjkwMDAwMDAwMDAwMCwidXBkYXRlIjozNjAwMDAwMDAwMDAwfX0="
        }
      ]
    },
    {
      "mode": "managed",
      "type": "aws_eks_node_group",
      "name": "tour-app-nodegrp",
      "provider": "provider[\"registry.terraform.io/hashicorp/aws\"]",
      "instances": [
        {
          "schema_version": 0,
          "attributes": {
            "ami_type": "AL2_x86_64",
            "arn": "arn:aws:eks:us-east-1:557571305961:nodegroup/tour-app/tour-app-nodegrp/66c65f2f-cc97-f09e-7a8c-c0ce9f3da400",
            "capacity_type": "ON_DEMAND",
            "cluster_name": "tour-app",
            "disk_size": 20,
            "force_update_version": null,
            "id": "tour-app:tour-app-nodegrp",
            "instance_types": [
              "t3.medium"
            ],
            "labels": null,
            "launch_template": [],
            "node_group_name": "tour-app-nodegrp",
            "node_group_name_prefix": "",
            "node_role_arn": "arn:aws:iam::557571305961:role/tour-app-eks-nodegrp-role",
            "release_version": "1.28.3-20231201",
            "remote_access": [],
            "resources": [
              {
                "autoscaling_groups": [
                  {
                    "name": "eks-tour-app-nodegrp-66c65f2f-cc97-f09e-7a8c-c0ce9f3da400"
                  }
                ],
                "remote_access_security_group_id": ""
              }
            ],
            "scaling_config": [
              {
                "desired_size": 1,
                "max_size": 2,
                "min_size": 1
              }
            ],
            "status": "ACTIVE",
            "subnet_ids": [
              "subnet-07e4320f813a8fc9b"
            ],
            "tags": null,
            "tags_all": {},
            "taint": [],
            "timeouts": null,
            "update_config": [
              {
                "max_unavailable": 1,
                "max_unavailable_percentage": 0
              }
            ],
            "version": "1.28"
          },
          "sensitive_attributes": [],
          "private": "eyJlMmJmYjczMC1lY2FhLTExZTYtOGY4OC0zNDM2M2JjN2M0YzAiOnsiY3JlYXRlIjozNjAwMDAwMDAwMDAwLCJkZWxldGUiOjM2MDAwMDAwMDAwMDAsInVwZGF0ZSI6MzYwMDAwMDAwMDAwMH19",
          "dependencies": [
            "aws_eks_cluster.tour-app"
          ]
        }
      ]
    }
  ],
  "check_results": null
}
