{
  "version": 4,
  "terraform_version": "1.6.6",
  "serial": 101,
  "lineage": "eac5e8a3-1a04-85a3-345c-cfb9fb57e287",
  "outputs": {},
  "resources": [
    {
      "mode": "managed",
      "type": "aws_eks_cluster",
      "name": "tour-app",
      "provider": "provider[\"registry.terraform.io/hashicorp/aws\"]",
      "instances": [
        {
          "schema_version": 0,
          "attributes": {
            "arn": "arn:aws:eks:us-east-1:557571305961:cluster/tour-app",
            "certificate_authority": [
              {
                "data": "LS0tLS1CRUdJTiBDRVJUSUZJQ0FURS0tLS0tCk1JSURCVENDQWUyZ0F3SUJBZ0lJS0YrWXlIQ1ZQdnd3RFFZSktvWklodmNOQVFFTEJRQXdGVEVUTUJFR0ExVUUKQXhNS2EzVmlaWEp1WlhSbGN6QWVGdzB5TkRBeU1qVXdPVEF5TUROYUZ3MHpOREF5TWpJd09UQTNNRE5hTUJVeApFekFSQmdOVkJBTVRDbXQxWW1WeWJtVjBaWE13Z2dFaU1BMEdDU3FHU0liM0RRRUJBUVVBQTRJQkR3QXdnZ0VLCkFvSUJBUURHYTg1MVZtcXJuN3FmanlPTGxsMzhPMVRLSVp5Y0llVTQ0NmFQdUFDUGtJbTJpdDVYaVI5UGlZV3QKU0hRaW5na3NuRmFFbWxGWVB2YVhjaWFuaHE0L3BhWnhhc3M0c1lmM1E2R0NqY3BpbUJVQ2RMSkdlemVwZVpxVQpxSFE3dWFvTG95UHVEdUJZb3IvanBGaGZMN3pZK3RBVnlQT1VNVXMraUkycFMwcGNjTDE1eHMzOVExR1doT2g4ClVmTlRXVVBFWW15M2tCUXRFcWxGZVA5SjlrVWNCaW5vNmhqUk92VDFSSUZUVk8xbUtka09WZnZQVVFCSTc2TDcKN2FNOW9UeXMvZThuUzkvVG9sRkh1ak0rOGladG9JdHVGWlkrRkpLbzgyT25ZQlBXUVlNYnJtbkVmNVNMdEFqTApyNVd4enVqQ25hY3MzQWdHOU53YWVUdUZBNjVIQWdNQkFBR2pXVEJYTUE0R0ExVWREd0VCL3dRRUF3SUNwREFQCkJnTlZIUk1CQWY4RUJUQURBUUgvTUIwR0ExVWREZ1FXQkJUbS82eC85Sks5cWFYSFpBOGNhL1ZURmVYSG5UQVYKQmdOVkhSRUVEakFNZ2dwcmRXSmxjbTVsZEdWek1BMEdDU3FHU0liM0RRRUJDd1VBQTRJQkFRQnRZNU4ydVlKQQp5TDFsVW1UaTdXV3Y2OHZWQ0VOUGQvbFUrcksyY3ArTEZYeXROc3F5K3NoVGtrNW9FamJXODVxYk5HaVVBeXcwCmtEWmVPZU00c1JrQXY3cStobGFMZjBUL2tkeVVPeTFEQ2tUQUR2WllXU3gwVTBUd2VpR0ZNUW5CR3QxQUp5NkYKekZCazZOckRPUHkyclhlc2ZMbEtqaWlKS2NtQVRqaGpMWTdGS0VaK0pwdm1JUllsSCtLMEhCeERza2N3V2VsYQpRWXZSeVBsY3FLdmRJSHlUbERuM2o0Z2libHp1RCtvdHEyREZPSEEvRDF3REFwazQwcTR3TUw5TU5weCtHYzI3ClN5Mm9iV1NBUVdLWFpyR3poQ0MxNUNvUkx5TlZLZmJPbkdudDF1cXg3cU0rQ2lWbjVYd2NDS1RiSHBKbVBmN24KcWgxdnBkeTBsb09GCi0tLS0tRU5EIENFUlRJRklDQVRFLS0tLS0K"
              }
            ],
            "cluster_id": null,
            "created_at": "2024-02-25 09:01:43.131 +0000 UTC",
            "enabled_cluster_log_types": null,
            "encryption_config": [],
            "endpoint": "https://BAA4C0523E347F3C794843B5E7746E8F.gr7.us-east-1.eks.amazonaws.com",
            "id": "tour-app",
            "identity": [
              {
                "oidc": [
                  {
                    "issuer": "https://oidc.eks.us-east-1.amazonaws.com/id/BAA4C0523E347F3C794843B5E7746E8F"
                  }
                ]
              }
            ],
            "kubernetes_network_config": [
              {
                "ip_family": "ipv4",
                "service_ipv4_cidr": "172.20.0.0/16",
                "service_ipv6_cidr": ""
              }
            ],
            "name": "tour-app",
            "outpost_config": [],
            "platform_version": "eks.1",
            "role_arn": "arn:aws:iam::557571305961:role/eksClusterRole-tourapp",
            "status": "ACTIVE",
            "tags": null,
            "tags_all": {},
            "timeouts": null,
            "version": "1.29",
            "vpc_config": [
              {
                "cluster_security_group_id": "sg-0cacd79ed61e4951d",
                "endpoint_private_access": false,
                "endpoint_public_access": true,
                "public_access_cidrs": [
                  "0.0.0.0/0"
                ],
                "security_group_ids": null,
                "subnet_ids": [
                  "subnet-05ca44cb3825cb887",
                  "subnet-0e97c5d0bb2ffa1ef"
                ],
                "vpc_id": "vpc-07eb359f10fbbfc50"
              }
            ]
          },
          "sensitive_attributes": [],
          "private": "eyJlMmJmYjczMC1lY2FhLTExZTYtOGY4OC0zNDM2M2JjN2M0YzAiOnsiY3JlYXRlIjoxODAwMDAwMDAwMDAwLCJkZWxldGUiOjkwMDAwMDAwMDAwMCwidXBkYXRlIjozNjAwMDAwMDAwMDAwfX0="
        }
      ]
    },
    {
      "mode": "managed",
      "type": "aws_eks_node_group",
      "name": "tour-app-nodegrp",
      "provider": "provider[\"registry.terraform.io/hashicorp/aws\"]",
      "instances": [
        {
          "schema_version": 0,
          "attributes": {
            "ami_type": "AL2_x86_64",
            "arn": "arn:aws:eks:us-east-1:557571305961:nodegroup/tour-app/tour-app-nodegrp/c4c6efc3-bb7c-2200-588a-5c9240fbae3e",
            "capacity_type": "ON_DEMAND",
            "cluster_name": "tour-app",
            "disk_size": 20,
            "force_update_version": null,
            "id": "tour-app:tour-app-nodegrp",
            "instance_types": [
              "t3.medium"
            ],
            "labels": null,
            "launch_template": [],
            "node_group_name": "tour-app-nodegrp",
            "node_group_name_prefix": "",
            "node_role_arn": "arn:aws:iam::557571305961:role/tour-app-eks-nodegrp-role",
            "release_version": "1.29.0-20240213",
            "remote_access": [],
            "resources": [
              {
                "autoscaling_groups": [
                  {
                    "name": "eks-tour-app-nodegrp-c4c6efc3-bb7c-2200-588a-5c9240fbae3e"
                  }
                ],
                "remote_access_security_group_id": ""
              }
            ],
            "scaling_config": [
              {
                "desired_size": 2,
                "max_size": 2,
                "min_size": 1
              }
            ],
            "status": "ACTIVE",
            "subnet_ids": [
              "subnet-07e4320f813a8fc9b"
            ],
            "tags": null,
            "tags_all": {},
            "taint": [],
            "timeouts": null,
            "update_config": [
              {
                "max_unavailable": 1,
                "max_unavailable_percentage": 0
              }
            ],
            "version": "1.29"
          },
          "sensitive_attributes": [],
          "private": "eyJlMmJmYjczMC1lY2FhLTExZTYtOGY4OC0zNDM2M2JjN2M0YzAiOnsiY3JlYXRlIjozNjAwMDAwMDAwMDAwLCJkZWxldGUiOjM2MDAwMDAwMDAwMDAsInVwZGF0ZSI6MzYwMDAwMDAwMDAwMH19",
          "dependencies": [
            "aws_eks_cluster.tour-app"
          ]
        }
      ]
    }
  ],
  "check_results": null
}
